// !$*UTF8*$!
{
	archiveVersion = 1;
	classes = {
	};
	objectVersion = 46;
	objects = {

/* Begin PBXBuildFile section */
		5ADE28C21A557F81006040F2 /* AppDelegate.swift in Sources */ = {isa = PBXBuildFile; fileRef = 5ADE28C11A557F81006040F2 /* AppDelegate.swift */; };
		5ADE28C41A557F81006040F2 /* ViewController.swift in Sources */ = {isa = PBXBuildFile; fileRef = 5ADE28C31A557F81006040F2 /* ViewController.swift */; };
		5ADE28C71A557F81006040F2 /* Main.storyboard in Resources */ = {isa = PBXBuildFile; fileRef = 5ADE28C51A557F81006040F2 /* Main.storyboard */; };
		5ADE28C91A557F81006040F2 /* Images.xcassets in Resources */ = {isa = PBXBuildFile; fileRef = 5ADE28C81A557F81006040F2 /* Images.xcassets */; };
		5ADE28CC1A557F81006040F2 /* LaunchScreen.xib in Resources */ = {isa = PBXBuildFile; fileRef = 5ADE28CA1A557F81006040F2 /* LaunchScreen.xib */; };
		5ADE28D81A557F81006040F2 /* githubTests.swift in Sources */ = {isa = PBXBuildFile; fileRef = 5ADE28D71A557F81006040F2 /* githubTests.swift */; };
/* End PBXBuildFile section */

/* Begin PBXContainerItemProxy section */
		5ADE28D21A557F81006040F2 /* PBXContainerItemProxy */ = {
			isa = PBXContainerItemProxy;
			containerPortal = 5ADE28B41A557F81006040F2 /* Project object */;
			proxyType = 1;
			remoteGlobalIDString = 5ADE28BB1A557F81006040F2;
			remoteInfo = github;
		};
/* End PBXContainerItemProxy section */

/* Begin PBXFileReference section */
		5ADE28BC1A557F81006040F2 /* github.app */ = {isa = PBXFileReference; explicitFileType = wrapper.application; includeInIndex = 0; path = github.app; sourceTree = BUILT_PRODUCTS_DIR; };
		5ADE28C01A557F81006040F2 /* Info.plist */ = {isa = PBXFileReference; lastKnownFileType = text.plist.xml; path = Info.plist; sourceTree = "<group>"; };
		5ADE28C11A557F81006040F2 /* AppDelegate.swift */ = {isa = PBXFileReference; lastKnownFileType = sourcecode.swift; path = AppDelegate.swift; sourceTree = "<group>"; };
		5ADE28C31A557F81006040F2 /* ViewController.swift */ = {isa = PBXFileReference; lastKnownFileType = sourcecode.swift; path = ViewController.swift; sourceTree = "<group>"; };
		5ADE28C61A557F81006040F2 /* Base */ = {isa = PBXFileReference; lastKnownFileType = file.storyboard; name = Base; path = Base.lproj/Main.storyboard; sourceTree = "<group>"; };
		5ADE28C81A557F81006040F2 /* Images.xcassets */ = {isa = PBXFileReference; lastKnownFileType = folder.assetcatalog; path = Images.xcassets; sourceTree = "<group>"; };
		5ADE28CB1A557F81006040F2 /* Base */ = {isa = PBXFileReference; lastKnownFileType = file.xib; name = Base; path = Base.lproj/LaunchScreen.xib; sourceTree = "<group>"; };
		5ADE28D11A557F81006040F2 /* githubTests.xctest */ = {isa = PBXFileReference; explicitFileType = wrapper.cfbundle; includeInIndex = 0; path = githubTests.xctest; sourceTree = BUILT_PRODUCTS_DIR; };
		5ADE28D61A557F81006040F2 /* Info.plist */ = {isa = PBXFileReference; lastKnownFileType = text.plist.xml; path = Info.plist; sourceTree = "<group>"; };
		5ADE28D71A557F81006040F2 /* githubTests.swift */ = {isa = PBXFileReference; lastKnownFileType = sourcecode.swift; path = githubTests.swift; sourceTree = "<group>"; };
/* End PBXFileReference section */

/* Begin PBXFrameworksBuildPhase section */
		5ADE28B91A557F81006040F2 /* Frameworks */ = {
			isa = PBXFrameworksBuildPhase;
			buildActionMask = 2147483647;
			files = (
			);
			runOnlyForDeploymentPostprocessing = 0;
		};
		5ADE28CE1A557F81006040F2 /* Frameworks */ = {
			isa = PBXFrameworksBuildPhase;
			buildActionMask = 2147483647;
			files = (
			);
			runOnlyForDeploymentPostprocessing = 0;
		};
/* End PBXFrameworksBuildPhase section */

/* Begin PBXGroup section */
		5ADE28B31A557F81006040F2 = {
			isa = PBXGroup;
			children = (
				5ADE28BE1A557F81006040F2 /* github */,
				5ADE28D41A557F81006040F2 /* githubTests */,
				5ADE28BD1A557F81006040F2 /* Products */,
			);
			sourceTree = "<group>";
		};
		5ADE28BD1A557F81006040F2 /* Products */ = {
			isa = PBXGroup;
			children = (
				5ADE28BC1A557F81006040F2 /* github.app */,
				5ADE28D11A557F81006040F2 /* githubTests.xctest */,
			);
			name = Products;
			sourceTree = "<group>";
		};
		5ADE28BE1A557F81006040F2 /* github */ = {
			isa = PBXGroup;
			children = (
				5ADE28C11A557F81006040F2 /* AppDelegate.swift */,
				5ADE28C31A557F81006040F2 /* ViewController.swift */,
				5ADE28C51A557F81006040F2 /* Main.storyboard */,
				5ADE28C81A557F81006040F2 /* Images.xcassets */,
				5ADE28CA1A557F81006040F2 /* LaunchScreen.xib */,
				5ADE28BF1A557F81006040F2 /* Supporting Files */,
			);
			path = github;
			sourceTree = "<group>";
		};
		5ADE28BF1A557F81006040F2 /* Supporting Files */ = {
			isa = PBXGroup;
			children = (
				5ADE28C01A557F81006040F2 /* Info.plist */,
			);
			name = "Supporting Files";
			sourceTree = "<group>";
		};
		5ADE28D41A557F81006040F2 /* githubTests */ = {
			isa = PBXGroup;
			children = (
				5ADE28D71A557F81006040F2 /* githubTests.swift */,
				5ADE28D51A557F81006040F2 /* Supporting Files */,
			);
			path = githubTests;
			sourceTree = "<group>";
		};
		5ADE28D51A557F81006040F2 /* Supporting Files */ = {
			isa = PBXGroup;
			children = (
				5ADE28D61A557F81006040F2 /* Info.plist */,
			);
			name = "Supporting Files";
			sourceTree = "<group>";
		};
/* End PBXGroup section */

/* Begin PBXNativeTarget section */
		5ADE28BB1A557F81006040F2 /* github */ = {
			isa = PBXNativeTarget;
			buildConfigurationList = 5ADE28DB1A557F81006040F2 /* Build configuration list for PBXNativeTarget "github" */;
			buildPhases = (
				5ADE28B81A557F81006040F2 /* Sources */,
				5ADE28B91A557F81006040F2 /* Frameworks */,
				5ADE28BA1A557F81006040F2 /* Resources */,
			);
			buildRules = (
			);
			dependencies = (
			);
			name = github;
			productName = github;
			productReference = 5ADE28BC1A557F81006040F2 /* github.app */;
			productType = "com.apple.product-type.application";
		};
		5ADE28D01A557F81006040F2 /* githubTests */ = {
			isa = PBXNativeTarget;
			buildConfigurationList = 5ADE28DE1A557F81006040F2 /* Build configuration list for PBXNativeTarget "githubTests" */;
			buildPhases = (
				5ADE28CD1A557F81006040F2 /* Sources */,
				5ADE28CE1A557F81006040F2 /* Frameworks */,
				5ADE28CF1A557F81006040F2 /* Resources */,
			);
			buildRules = (
			);
			dependencies = (
				5ADE28D31A557F81006040F2 /* PBXTargetDependency */,
			);
			name = githubTests;
			productName = githubTests;
			productReference = 5ADE28D11A557F81006040F2 /* githubTests.xctest */;
			productType = "com.apple.product-type.bundle.unit-test";
		};
/* End PBXNativeTarget section */

/* Begin PBXProject section */
		5ADE28B41A557F81006040F2 /* Project object */ = {
			isa = PBXProject;
			attributes = {
				LastUpgradeCheck = 0610;
				ORGANIZATIONNAME = "Stephan Wegmann";
				TargetAttributes = {
					5ADE28BB1A557F81006040F2 = {
						CreatedOnToolsVersion = 6.1.1;
					};
					5ADE28D01A557F81006040F2 = {
						CreatedOnToolsVersion = 6.1.1;
						TestTargetID = 5ADE28BB1A557F81006040F2;
					};
				};
			};
			buildConfigurationList = 5ADE28B71A557F81006040F2 /* Build configuration list for PBXProject "github" */;
			compatibilityVersion = "Xcode 3.2";
			developmentRegion = English;
			hasScannedForEncodings = 0;
			knownRegions = (
				en,
				Base,
			);
			mainGroup = 5ADE28B31A557F81006040F2;
			productRefGroup = 5ADE28BD1A557F81006040F2 /* Products */;
			projectDirPath = "";
			projectRoot = "";
			targets = (
				5ADE28BB1A557F81006040F2 /* github */,
				5ADE28D01A557F81006040F2 /* githubTests */,
			);
		};
/* End PBXProject section */

/* Begin PBXResourcesBuildPhase section */
		5ADE28BA1A557F81006040F2 /* Resources */ = {
			isa = PBXResourcesBuildPhase;
			buildActionMask = 2147483647;
			files = (
				5ADE28C71A557F81006040F2 /* Main.storyboard in Resources */,
				5ADE28CC1A557F81006040F2 /* LaunchScreen.xib in Resources */,
				5ADE28C91A557F81006040F2 /* Images.xcassets in Resources */,
			);
			runOnlyForDeploymentPostprocessing = 0;
		};
		5ADE28CF1A557F81006040F2 /* Resources */ = {
			isa = PBXResourcesBuildPhase;
			buildActionMask = 2147483647;
			files = (
			);
			runOnlyForDeploymentPostprocessing = 0;
		};
/* End PBXResourcesBuildPhase section */

/* Begin PBXSourcesBuildPhase section */
		5ADE28B81A557F81006040F2 /* Sources */ = {
			isa = PBXSourcesBuildPhase;
			buildActionMask = 2147483647;
			files = (
				5ADE28C41A557F81006040F2 /* ViewController.swift in Sources */,
				5ADE28C21A557F81006040F2 /* AppDelegate.swift in Sources */,
			);
			runOnlyForDeploymentPostprocessing = 0;
		};
		5ADE28CD1A557F81006040F2 /* Sources */ = {
			isa = PBXSourcesBuildPhase;
			buildActionMask = 2147483647;
			files = (
				5ADE28D81A557F81006040F2 /* githubTests.swift in Sources */,
			);
			runOnlyForDeploymentPostprocessing = 0;
		};
/* End PBXSourcesBuildPhase section */

/* Begin PBXTargetDependency section */
		5ADE28D31A557F81006040F2 /* PBXTargetDependency */ = {
			isa = PBXTargetDependency;
			target = 5ADE28BB1A557F81006040F2 /* github */;
			targetProxy = 5ADE28D21A557F81006040F2 /* PBXContainerItemProxy */;
		};
/* End PBXTargetDependency section */

/* Begin PBXVariantGroup section */
		5ADE28C51A557F81006040F2 /* Main.storyboard */ = {
			isa = PBXVariantGroup;
			children = (
				5ADE28C61A557F81006040F2 /* Base */,
			);
			name = Main.storyboard;
			sourceTree = "<group>";
		};
		5ADE28CA1A557F81006040F2 /* LaunchScreen.xib */ = {
			isa = PBXVariantGroup;
			children = (
				5ADE28CB1A557F81006040F2 /* Base */,
			);
			name = LaunchScreen.xib;
			sourceTree = "<group>";
		};
/* End PBXVariantGroup section */

/* Begin XCBuildConfiguration section */
		5ADE28D91A557F81006040F2 /* Debug */ = {
			isa = XCBuildConfiguration;
			buildSettings = {
				ALWAYS_SEARCH_USER_PATHS = NO;
				CLANG_CXX_LANGUAGE_STANDARD = "gnu++0x";
				CLANG_CXX_LIBRARY = "libc++";
				CLANG_ENABLE_MODULES = YES;
				CLANG_ENABLE_OBJC_ARC = YES;
				CLANG_WARN_BOOL_CONVERSION = YES;
				CLANG_WARN_CONSTANT_CONVERSION = YES;
				CLANG_WARN_DIRECT_OBJC_ISA_USAGE = YES_ERROR;
				CLANG_WARN_EMPTY_BODY = YES;
				CLANG_WARN_ENUM_CONVERSION = YES;
				CLANG_WARN_INT_CONVERSION = YES;
				CLANG_WARN_OBJC_ROOT_CLASS = YES_ERROR;
				CLANG_WARN_UNREACHABLE_CODE = YES;
				CLANG_WARN__DUPLICATE_METHOD_MATCH = YES;
				"CODE_SIGN_IDENTITY[sdk=iphoneos*]" = "iPhone Developer";
				COPY_PHASE_STRIP = NO;
				ENABLE_STRICT_OBJC_MSGSEND = YES;
				GCC_C_LANGUAGE_STANDARD = gnu99;
				GCC_DYNAMIC_NO_PIC = NO;
				GCC_OPTIMIZATION_LEVEL = 0;
				GCC_PREPROCESSOR_DEFINITIONS = (
					"DEBUG=1",
					"$(inherited)",
				);
				GCC_SYMBOLS_PRIVATE_EXTERN = NO;
				GCC_WARN_64_TO_32_BIT_CONVERSION = YES;
				GCC_WARN_ABOUT_RETURN_TYPE = YES_ERROR;
				GCC_WARN_UNDECLARED_SELECTOR = YES;
				GCC_WARN_UNINITIALIZED_AUTOS = YES_AGGRESSIVE;
				GCC_WARN_UNUSED_FUNCTION = YES;
				GCC_WARN_UNUSED_VARIABLE = YES;
				IPHONEOS_DEPLOYMENT_TARGET = 8.1;
				MTL_ENABLE_DEBUG_INFO = YES;
				ONLY_ACTIVE_ARCH = YES;
				SDKROOT = iphoneos;
				SWIFT_OPTIMIZATION_LEVEL = "-Onone";
			};
			name = Debug;
		};
		5ADE28DA1A557F81006040F2 /* Release */ = {
			isa = XCBuildConfiguration;
			buildSettings = {
				ALWAYS_SEARCH_USER_PATHS = NO;
				CLANG_CXX_LANGUAGE_STANDARD = "gnu++0x";
				CLANG_CXX_LIBRARY = "libc++";
				CLANG_ENABLE_MODULES = YES;
				CLANG_ENABLE_OBJC_ARC = YES;
				CLANG_WARN_BOOL_CONVERSION = YES;
				CLANG_WARN_CONSTANT_CONVERSION = YES;
				CLANG_WARN_DIRECT_OBJC_ISA_USAGE = YES_ERROR;
				CLANG_WARN_EMPTY_BODY = YES;
				CLANG_WARN_ENUM_CONVERSION = YES;
				CLANG_WARN_INT_CONVERSION = YES;
				CLANG_WARN_OBJC_ROOT_CLASS = YES_ERROR;
				CLANG_WARN_UNREACHABLE_CODE = YES;
				CLANG_WARN__DUPLICATE_METHOD_MATCH = YES;
				"CODE_SIGN_IDENTITY[sdk=iphoneos*]" = "iPhone Developer";
				COPY_PHASE_STRIP = YES;
				ENABLE_NS_ASSERTIONS = NO;
				ENABLE_STRICT_OBJC_MSGSEND = YES;
				GCC_C_LANGUAGE_STANDARD = gnu99;
				GCC_WARN_64_TO_32_BIT_CONVERSION = YES;
				GCC_WARN_ABOUT_RETURN_TYPE = YES_ERROR;
				GCC_WARN_UNDECLARED_SELECTOR = YES;
				GCC_WARN_UNINITIALIZED_AUTOS = YES_AGGRESSIVE;
				GCC_WARN_UNUSED_FUNCTION = YES;
				GCC_WARN_UNUSED_VARIABLE = YES;
				IPHONEOS_DEPLOYMENT_TARGET = 8.1;
				MTL_ENABLE_DEBUG_INFO = NO;
				SDKROOT = iphoneos;
				VALIDATE_PRODUCT = YES;
			};
			name = Release;
		};
		5ADE28DC1A557F81006040F2 /* Debug */ = {
			isa = XCBuildConfiguration;
			buildSettings = {
				ASSETCATALOG_COMPILER_APPICON_NAME = AppIcon;
				INFOPLIST_FILE = github/Info.plist;
				LD_RUNPATH_SEARCH_PATHS = "$(inherited) @executable_path/Frameworks";
				PRODUCT_NAME = "$(TARGET_NAME)";
			};
			name = Debug;
		};
		5ADE28DD1A557F81006040F2 /* Release */ = {
			isa = XCBuildConfiguration;
			buildSettings = {
				ASSETCATALOG_COMPILER_APPICON_NAME = AppIcon;
				INFOPLIST_FILE = github/Info.plist;
				LD_RUNPATH_SEARCH_PATHS = "$(inherited) @executable_path/Frameworks";
				PRODUCT_NAME = "$(TARGET_NAME)";
			};
			name = Release;
		};
		5ADE28DF1A557F81006040F2 /* Debug */ = {
			isa = XCBuildConfiguration;
			buildSettings = {
				BUNDLE_LOADER = "$(TEST_HOST)";
				FRAMEWORK_SEARCH_PATHS = (
					"$(SDKROOT)/Developer/Library/Frameworks",
					"$(inherited)",
				);
				GCC_PREPROCESSOR_DEFINITIONS = (
					"DEBUG=1",
					"$(inherited)",
				);
				INFOPLIST_FILE = githubTests/Info.plist;
				LD_RUNPATH_SEARCH_PATHS = "$(inherited) @executable_path/Frameworks @loader_path/Frameworks";
				PRODUCT_NAME = "$(TARGET_NAME)";
				TEST_HOST = "$(BUILT_PRODUCTS_DIR)/github.app/github";
			};
			name = Debug;
		};
		5ADE28E01A557F81006040F2 /* Release */ = {
			isa = XCBuildConfiguration;
			buildSettings = {
				BUNDLE_LOADER = "$(TEST_HOST)";
				FRAMEWORK_SEARCH_PATHS = (
					"$(SDKROOT)/Developer/Library/Frameworks",
					"$(inherited)",
				);
				INFOPLIST_FILE = githubTests/Info.plist;
				LD_RUNPATH_SEARCH_PATHS = "$(inherited) @executable_path/Frameworks @loader_path/Frameworks";
				PRODUCT_NAME = "$(TARGET_NAME)";
				TEST_HOST = "$(BUILT_PRODUCTS_DIR)/github.app/github";
			};
			name = Release;
		};
/* End XCBuildConfiguration section */

/* Begin XCConfigurationList section */
		5ADE28B71A557F81006040F2 /* Build configuration list for PBXProject "github" */ = {
			isa = XCConfigurationList;
			buildConfigurations = (
				5ADE28D91A557F81006040F2 /* Debug */,
				5ADE28DA1A557F81006040F2 /* Release */,
			);
			defaultConfigurationIsVisible = 0;
			defaultConfigurationName = Release;
		};
		5ADE28DB1A557F81006040F2 /* Build configuration list for PBXNativeTarget "github" */ = {
			isa = XCConfigurationList;
			buildConfigurations = (
				5ADE28DC1A557F81006040F2 /* Debug */,
				5ADE28DD1A557F81006040F2 /* Release */,
			);
			defaultConfigurationIsVisible = 0;
		};
		5ADE28DE1A557F81006040F2 /* Build configuration list for PBXNativeTarget "githubTests" */ = {
			isa = XCConfigurationList;
			buildConfigurations = (
				5ADE28DF1A557F81006040F2 /* Debug */,
				5ADE28E01A557F81006040F2 /* Release */,
			);
			defaultConfigurationIsVisible = 0;
		};
/* End XCConfigurationList section */
	};
	rootObject = 5ADE28B41A557F81006040F2 /* Project object */;
}
